// !$*UTF8*$!
{
	archiveVersion = 1;
	classes = {
	};
	objectVersion = 77;
	objects = {

/* Begin PBXBuildFile section */
		6A63371B2D50BA8500DF96DF /* AdminManger.swift in Sources */ = {isa = PBXBuildFile; fileRef = 6A63371A2D50BA8500DF96DF /* AdminManger.swift */; };
		6A7861142D4F5BD1005F9245 /* UserManger.swift in Sources */ = {isa = PBXBuildFile; fileRef = 6A7861132D4F5BD1005F9245 /* UserManger.swift */; };
		6AA6F1062D41827B0009F311 /* FirebaseAnalytics in Frameworks */ = {isa = PBXBuildFile; productRef = 6AA6F1052D41827B0009F311 /* FirebaseAnalytics */; };
		6AA6F1082D41827B0009F311 /* FirebaseAuthCombine-Community in Frameworks */ = {isa = PBXBuildFile; productRef = 6AA6F1072D41827B0009F311 /* FirebaseAuthCombine-Community */; };
		6AA6F10B2D4254270009F311 /* FirebaseAuth in Frameworks */ = {isa = PBXBuildFile; productRef = 6AA6F10A2D4254270009F311 /* FirebaseAuth */; };
		6AA6F11F2D452CF30009F311 /* FirebaseFirestore in Frameworks */ = {isa = PBXBuildFile; productRef = 6AA6F11E2D452CF30009F311 /* FirebaseFirestore */; };
/* End PBXBuildFile section */

/* Begin PBXContainerItemProxy section */
		6AA6F0E62D416C6E0009F311 /* PBXContainerItemProxy */ = {
			isa = PBXContainerItemProxy;
			containerPortal = 6AA6F0CC2D416C6B0009F311 /* Project object */;
			proxyType = 1;
			remoteGlobalIDString = 6AA6F0D32D416C6B0009F311;
			remoteInfo = Wujudtest;
		};
		6AA6F0F02D416C6E0009F311 /* PBXContainerItemProxy */ = {
			isa = PBXContainerItemProxy;
			containerPortal = 6AA6F0CC2D416C6B0009F311 /* Project object */;
			proxyType = 1;
			remoteGlobalIDString = 6AA6F0D32D416C6B0009F311;
			remoteInfo = Wujudtest;
		};
/* End PBXContainerItemProxy section */

/* Begin PBXFileReference section */
		6A63371A2D50BA8500DF96DF /* AdminManger.swift */ = {isa = PBXFileReference; lastKnownFileType = sourcecode.swift; path = AdminManger.swift; sourceTree = "<group>"; };
		6A7861132D4F5BD1005F9245 /* UserManger.swift */ = {isa = PBXFileReference; lastKnownFileType = sourcecode.swift; path = UserManger.swift; sourceTree = "<group>"; };
		6AA6F0D42D416C6B0009F311 /* Wujudtest.app */ = {isa = PBXFileReference; explicitFileType = wrapper.application; includeInIndex = 0; path = Wujudtest.app; sourceTree = BUILT_PRODUCTS_DIR; };
		6AA6F0E52D416C6E0009F311 /* WujudtestTests.xctest */ = {isa = PBXFileReference; explicitFileType = wrapper.cfbundle; includeInIndex = 0; path = WujudtestTests.xctest; sourceTree = BUILT_PRODUCTS_DIR; };
		6AA6F0EF2D416C6E0009F311 /* WujudtestUITests.xctest */ = {isa = PBXFileReference; explicitFileType = wrapper.cfbundle; includeInIndex = 0; path = WujudtestUITests.xctest; sourceTree = BUILT_PRODUCTS_DIR; };
/* End PBXFileReference section */

/* Begin PBXFileSystemSynchronizedRootGroup section */
		6AA6F0D62D416C6B0009F311 /* Wujudtest */ = {
			isa = PBXFileSystemSynchronizedRootGroup;
			path = Wujudtest;
			sourceTree = "<group>";
		};
		6AA6F0E82D416C6E0009F311 /* WujudtestTests */ = {
			isa = PBXFileSystemSynchronizedRootGroup;
			path = WujudtestTests;
			sourceTree = "<group>";
		};
		6AA6F0F22D416C6E0009F311 /* WujudtestUITests */ = {
			isa = PBXFileSystemSynchronizedRootGroup;
			path = WujudtestUITests;
			sourceTree = "<group>";
		};
/* End PBXFileSystemSynchronizedRootGroup section */

/* Begin PBXFrameworksBuildPhase section */
		6AA6F0D12D416C6B0009F311 /* Frameworks */ = {
			isa = PBXFrameworksBuildPhase;
			buildActionMask = 2147483647;
			files = (
				6AA6F1062D41827B0009F311 /* FirebaseAnalytics in Frameworks */,
				6AA6F11F2D452CF30009F311 /* FirebaseFirestore in Frameworks */,
				6AA6F10B2D4254270009F311 /* FirebaseAuth in Frameworks */,
				6AA6F1082D41827B0009F311 /* FirebaseAuthCombine-Community in Frameworks */,
			);
			runOnlyForDeploymentPostprocessing = 0;
		};
		6AA6F0E22D416C6E0009F311 /* Frameworks */ = {
			isa = PBXFrameworksBuildPhase;
			buildActionMask = 2147483647;
			files = (
			);
			runOnlyForDeploymentPostprocessing = 0;
		};
		6AA6F0EC2D416C6E0009F311 /* Frameworks */ = {
			isa = PBXFrameworksBuildPhase;
			buildActionMask = 2147483647;
			files = (
			);
			runOnlyForDeploymentPostprocessing = 0;
		};
/* End PBXFrameworksBuildPhase section */

/* Begin PBXGroup section */
		6A7861122D4F5B9F005F9245 /* Firestore */ = {
			isa = PBXGroup;
			children = (
				6A7861132D4F5BD1005F9245 /* UserManger.swift */,
				6A63371A2D50BA8500DF96DF /* AdminManger.swift */,
			);
			path = Firestore;
			sourceTree = "<group>";
		};
		6AA6F0CB2D416C6B0009F311 = {
			isa = PBXGroup;
			children = (
				6A7861122D4F5B9F005F9245 /* Firestore */,
				6AA6F0D62D416C6B0009F311 /* Wujudtest */,
				6AA6F0E82D416C6E0009F311 /* WujudtestTests */,
				6AA6F0F22D416C6E0009F311 /* WujudtestUITests */,
				6AA6F1092D4254270009F311 /* Frameworks */,
				6AA6F0D52D416C6B0009F311 /* Products */,
			);
			sourceTree = "<group>";
		};
		6AA6F0D52D416C6B0009F311 /* Products */ = {
			isa = PBXGroup;
			children = (
				6AA6F0D42D416C6B0009F311 /* Wujudtest.app */,
				6AA6F0E52D416C6E0009F311 /* WujudtestTests.xctest */,
				6AA6F0EF2D416C6E0009F311 /* WujudtestUITests.xctest */,
			);
			name = Products;
			sourceTree = "<group>";
		};
		6AA6F1092D4254270009F311 /* Frameworks */ = {
			isa = PBXGroup;
			children = (
			);
			name = Frameworks;
			sourceTree = "<group>";
		};
/* End PBXGroup section */

/* Begin PBXNativeTarget section */
		6AA6F0D32D416C6B0009F311 /* Wujudtest */ = {
			isa = PBXNativeTarget;
			buildConfigurationList = 6AA6F0F92D416C6E0009F311 /* Build configuration list for PBXNativeTarget "Wujudtest" */;
			buildPhases = (
				6AA6F0D02D416C6B0009F311 /* Sources */,
				6AA6F0D12D416C6B0009F311 /* Frameworks */,
				6AA6F0D22D416C6B0009F311 /* Resources */,
			);
			buildRules = (
			);
			dependencies = (
			);
			fileSystemSynchronizedGroups = (
				6AA6F0D62D416C6B0009F311 /* Wujudtest */,
			);
			name = Wujudtest;
			packageProductDependencies = (
				6AA6F1052D41827B0009F311 /* FirebaseAnalytics */,
				6AA6F1072D41827B0009F311 /* FirebaseAuthCombine-Community */,
				6AA6F10A2D4254270009F311 /* FirebaseAuth */,
				6AA6F11E2D452CF30009F311 /* FirebaseFirestore */,
			);
			productName = Wujudtest;
			productReference = 6AA6F0D42D416C6B0009F311 /* Wujudtest.app */;
			productType = "com.apple.product-type.application";
		};
		6AA6F0E42D416C6E0009F311 /* WujudtestTests */ = {
			isa = PBXNativeTarget;
			buildConfigurationList = 6AA6F0FC2D416C6E0009F311 /* Build configuration list for PBXNativeTarget "WujudtestTests" */;
			buildPhases = (
				6AA6F0E12D416C6E0009F311 /* Sources */,
				6AA6F0E22D416C6E0009F311 /* Frameworks */,
				6AA6F0E32D416C6E0009F311 /* Resources */,
			);
			buildRules = (
			);
			dependencies = (
				6AA6F0E72D416C6E0009F311 /* PBXTargetDependency */,
			);
			fileSystemSynchronizedGroups = (
				6AA6F0E82D416C6E0009F311 /* WujudtestTests */,
			);
			name = WujudtestTests;
			packageProductDependencies = (
			);
			productName = WujudtestTests;
			productReference = 6AA6F0E52D416C6E0009F311 /* WujudtestTests.xctest */;
			productType = "com.apple.product-type.bundle.unit-test";
		};
		6AA6F0EE2D416C6E0009F311 /* WujudtestUITests */ = {
			isa = PBXNativeTarget;
			buildConfigurationList = 6AA6F0FF2D416C6E0009F311 /* Build configuration list for PBXNativeTarget "WujudtestUITests" */;
			buildPhases = (
				6AA6F0EB2D416C6E0009F311 /* Sources */,
				6AA6F0EC2D416C6E0009F311 /* Frameworks */,
				6AA6F0ED2D416C6E0009F311 /* Resources */,
			);
			buildRules = (
			);
			dependencies = (
				6AA6F0F12D416C6E0009F311 /* PBXTargetDependency */,
			);
			fileSystemSynchronizedGroups = (
				6AA6F0F22D416C6E0009F311 /* WujudtestUITests */,
			);
			name = WujudtestUITests;
			packageProductDependencies = (
			);
			productName = WujudtestUITests;
			productReference = 6AA6F0EF2D416C6E0009F311 /* WujudtestUITests.xctest */;
			productType = "com.apple.product-type.bundle.ui-testing";
		};
/* End PBXNativeTarget section */

/* Begin PBXProject section */
		6AA6F0CC2D416C6B0009F311 /* Project object */ = {
			isa = PBXProject;
			attributes = {
				BuildIndependentTargetsInParallel = 1;
				LastSwiftUpdateCheck = 1610;
				LastUpgradeCheck = 1610;
				TargetAttributes = {
					6AA6F0D32D416C6B0009F311 = {
						CreatedOnToolsVersion = 16.1;
					};
					6AA6F0E42D416C6E0009F311 = {
						CreatedOnToolsVersion = 16.1;
						TestTargetID = 6AA6F0D32D416C6B0009F311;
					};
					6AA6F0EE2D416C6E0009F311 = {
						CreatedOnToolsVersion = 16.1;
						TestTargetID = 6AA6F0D32D416C6B0009F311;
					};
				};
			};
			buildConfigurationList = 6AA6F0CF2D416C6B0009F311 /* Build configuration list for PBXProject "Wujudtest" */;
			developmentRegion = en;
			hasScannedForEncodings = 0;
			knownRegions = (
				en,
				Base,
			);
			mainGroup = 6AA6F0CB2D416C6B0009F311;
			minimizedProjectReferenceProxies = 1;
			packageReferences = (
				6AA6F1042D41827B0009F311 /* XCRemoteSwiftPackageReference "firebase-ios-sdk" */,
			);
			preferredProjectObjectVersion = 77;
			productRefGroup = 6AA6F0D52D416C6B0009F311 /* Products */;
			projectDirPath = "";
			projectRoot = "";
			targets = (
				6AA6F0D32D416C6B0009F311 /* Wujudtest */,
				6AA6F0E42D416C6E0009F311 /* WujudtestTests */,
				6AA6F0EE2D416C6E0009F311 /* WujudtestUITests */,
			);
		};
/* End PBXProject section */

/* Begin PBXResourcesBuildPhase section */
		6AA6F0D22D416C6B0009F311 /* Resources */ = {
			isa = PBXResourcesBuildPhase;
			buildActionMask = 2147483647;
			files = (
			);
			runOnlyForDeploymentPostprocessing = 0;
		};
		6AA6F0E32D416C6E0009F311 /* Resources */ = {
			isa = PBXResourcesBuildPhase;
			buildActionMask = 2147483647;
			files = (
			);
			runOnlyForDeploymentPostprocessing = 0;
		};
		6AA6F0ED2D416C6E0009F311 /* Resources */ = {
			isa = PBXResourcesBuildPhase;
			buildActionMask = 2147483647;
			files = (
			);
			runOnlyForDeploymentPostprocessing = 0;
		};
/* End PBXResourcesBuildPhase section */

/* Begin PBXSourcesBuildPhase section */
		6AA6F0D02D416C6B0009F311 /* Sources */ = {
			isa = PBXSourcesBuildPhase;
			buildActionMask = 2147483647;
			files = (
				6A63371B2D50BA8500DF96DF /* AdminManger.swift in Sources */,
				6A7861142D4F5BD1005F9245 /* UserManger.swift in Sources */,
			);
			runOnlyForDeploymentPostprocessing = 0;
		};
		6AA6F0E12D416C6E0009F311 /* Sources */ = {
			isa = PBXSourcesBuildPhase;
			buildActionMask = 2147483647;
			files = (
			);
			runOnlyForDeploymentPostprocessing = 0;
		};
		6AA6F0EB2D416C6E0009F311 /* Sources */ = {
			isa = PBXSourcesBuildPhase;
			buildActionMask = 2147483647;
			files = (
			);
			runOnlyForDeploymentPostprocessing = 0;
		};
/* End PBXSourcesBuildPhase section */

/* Begin PBXTargetDependency section */
		6AA6F0E72D416C6E0009F311 /* PBXTargetDependency */ = {
			isa = PBXTargetDependency;
			target = 6AA6F0D32D416C6B0009F311 /* Wujudtest */;
			targetProxy = 6AA6F0E62D416C6E0009F311 /* PBXContainerItemProxy */;
		};
		6AA6F0F12D416C6E0009F311 /* PBXTargetDependency */ = {
			isa = PBXTargetDependency;
			target = 6AA6F0D32D416C6B0009F311 /* Wujudtest */;
			targetProxy = 6AA6F0F02D416C6E0009F311 /* PBXContainerItemProxy */;
		};
/* End PBXTargetDependency section */

/* Begin XCBuildConfiguration section */
		6AA6F0F72D416C6E0009F311 /* Debug */ = {
			isa = XCBuildConfiguration;
			buildSettings = {
				ALWAYS_SEARCH_USER_PATHS = NO;
				ASSETCATALOG_COMPILER_GENERATE_SWIFT_ASSET_SYMBOL_EXTENSIONS = YES;
				CLANG_ANALYZER_NONNULL = YES;
				CLANG_ANALYZER_NUMBER_OBJECT_CONVERSION = YES_AGGRESSIVE;
				CLANG_CXX_LANGUAGE_STANDARD = "gnu++20";
				CLANG_ENABLE_MODULES = YES;
				CLANG_ENABLE_OBJC_ARC = YES;
				CLANG_ENABLE_OBJC_WEAK = YES;
				CLANG_WARN_BLOCK_CAPTURE_AUTORELEASING = YES;
				CLANG_WARN_BOOL_CONVERSION = YES;
				CLANG_WARN_COMMA = YES;
				CLANG_WARN_CONSTANT_CONVERSION = YES;
				CLANG_WARN_DEPRECATED_OBJC_IMPLEMENTATIONS = YES;
				CLANG_WARN_DIRECT_OBJC_ISA_USAGE = YES_ERROR;
				CLANG_WARN_DOCUMENTATION_COMMENTS = YES;
				CLANG_WARN_EMPTY_BODY = YES;
				CLANG_WARN_ENUM_CONVERSION = YES;
				CLANG_WARN_INFINITE_RECURSION = YES;
				CLANG_WARN_INT_CONVERSION = YES;
				CLANG_WARN_NON_LITERAL_NULL_CONVERSION = YES;
				CLANG_WARN_OBJC_IMPLICIT_RETAIN_SELF = YES;
				CLANG_WARN_OBJC_LITERAL_CONVERSION = YES;
				CLANG_WARN_OBJC_ROOT_CLASS = YES_ERROR;
				CLANG_WARN_QUOTED_INCLUDE_IN_FRAMEWORK_HEADER = YES;
				CLANG_WARN_RANGE_LOOP_ANALYSIS = YES;
				CLANG_WARN_STRICT_PROTOTYPES = YES;
				CLANG_WARN_SUSPICIOUS_MOVE = YES;
				CLANG_WARN_UNGUARDED_AVAILABILITY = YES_AGGRESSIVE;
				CLANG_WARN_UNREACHABLE_CODE = YES;
				CLANG_WARN__DUPLICATE_METHOD_MATCH = YES;
				COPY_PHASE_STRIP = NO;
				DEBUG_INFORMATION_FORMAT = dwarf;
				ENABLE_STRICT_OBJC_MSGSEND = YES;
				ENABLE_TESTABILITY = YES;
				ENABLE_USER_SCRIPT_SANDBOXING = YES;
				GCC_C_LANGUAGE_STANDARD = gnu17;
				GCC_DYNAMIC_NO_PIC = NO;
				GCC_NO_COMMON_BLOCKS = YES;
				GCC_OPTIMIZATION_LEVEL = 0;
				GCC_PREPROCESSOR_DEFINITIONS = (
					"DEBUG=1",
					"$(inherited)",
				);
				GCC_WARN_64_TO_32_BIT_CONVERSION = YES;
				GCC_WARN_ABOUT_RETURN_TYPE = YES_ERROR;
				GCC_WARN_UNDECLARED_SELECTOR = YES;
				GCC_WARN_UNINITIALIZED_AUTOS = YES_AGGRESSIVE;
				GCC_WARN_UNUSED_FUNCTION = YES;
				GCC_WARN_UNUSED_VARIABLE = YES;
				LOCALIZATION_PREFERS_STRING_CATALOGS = YES;
				MTL_ENABLE_DEBUG_INFO = INCLUDE_SOURCE;
				MTL_FAST_MATH = YES;
				ONLY_ACTIVE_ARCH = YES;
				SWIFT_ACTIVE_COMPILATION_CONDITIONS = "DEBUG $(inherited)";
				SWIFT_OPTIMIZATION_LEVEL = "-Onone";
			};
			name = Debug;
		};
		6AA6F0F82D416C6E0009F311 /* Release */ = {
			isa = XCBuildConfiguration;
			buildSettings = {
				ALWAYS_SEARCH_USER_PATHS = NO;
				ASSETCATALOG_COMPILER_GENERATE_SWIFT_ASSET_SYMBOL_EXTENSIONS = YES;
				CLANG_ANALYZER_NONNULL = YES;
				CLANG_ANALYZER_NUMBER_OBJECT_CONVERSION = YES_AGGRESSIVE;
				CLANG_CXX_LANGUAGE_STANDARD = "gnu++20";
				CLANG_ENABLE_MODULES = YES;
				CLANG_ENABLE_OBJC_ARC = YES;
				CLANG_ENABLE_OBJC_WEAK = YES;
				CLANG_WARN_BLOCK_CAPTURE_AUTORELEASING = YES;
				CLANG_WARN_BOOL_CONVERSION = YES;
				CLANG_WARN_COMMA = YES;
				CLANG_WARN_CONSTANT_CONVERSION = YES;
				CLANG_WARN_DEPRECATED_OBJC_IMPLEMENTATIONS = YES;
				CLANG_WARN_DIRECT_OBJC_ISA_USAGE = YES_ERROR;
				CLANG_WARN_DOCUMENTATION_COMMENTS = YES;
				CLANG_WARN_EMPTY_BODY = YES;
				CLANG_WARN_ENUM_CONVERSION = YES;
				CLANG_WARN_INFINITE_RECURSION = YES;
				CLANG_WARN_INT_CONVERSION = YES;
				CLANG_WARN_NON_LITERAL_NULL_CONVERSION = YES;
				CLANG_WARN_OBJC_IMPLICIT_RETAIN_SELF = YES;
				CLANG_WARN_OBJC_LITERAL_CONVERSION = YES;
				CLANG_WARN_OBJC_ROOT_CLASS = YES_ERROR;
				CLANG_WARN_QUOTED_INCLUDE_IN_FRAMEWORK_HEADER = YES;
				CLANG_WARN_RANGE_LOOP_ANALYSIS = YES;
				CLANG_WARN_STRICT_PROTOTYPES = YES;
				CLANG_WARN_SUSPICIOUS_MOVE = YES;
				CLANG_WARN_UNGUARDED_AVAILABILITY = YES_AGGRESSIVE;
				CLANG_WARN_UNREACHABLE_CODE = YES;
				CLANG_WARN__DUPLICATE_METHOD_MATCH = YES;
				COPY_PHASE_STRIP = NO;
				DEBUG_INFORMATION_FORMAT = "dwarf-with-dsym";
				ENABLE_NS_ASSERTIONS = NO;
				ENABLE_STRICT_OBJC_MSGSEND = YES;
				ENABLE_USER_SCRIPT_SANDBOXING = YES;
				GCC_C_LANGUAGE_STANDARD = gnu17;
				GCC_NO_COMMON_BLOCKS = YES;
				GCC_WARN_64_TO_32_BIT_CONVERSION = YES;
				GCC_WARN_ABOUT_RETURN_TYPE = YES_ERROR;
				GCC_WARN_UNDECLARED_SELECTOR = YES;
				GCC_WARN_UNINITIALIZED_AUTOS = YES_AGGRESSIVE;
				GCC_WARN_UNUSED_FUNCTION = YES;
				GCC_WARN_UNUSED_VARIABLE = YES;
				LOCALIZATION_PREFERS_STRING_CATALOGS = YES;
				MTL_ENABLE_DEBUG_INFO = NO;
				MTL_FAST_MATH = YES;
				SWIFT_COMPILATION_MODE = wholemodule;
			};
			name = Release;
		};
		6AA6F0FA2D416C6E0009F311 /* Debug */ = {
			isa = XCBuildConfiguration;
			buildSettings = {
				ASSETCATALOG_COMPILER_APPICON_NAME = AppIcon;
				ASSETCATALOG_COMPILER_GLOBAL_ACCENT_COLOR_NAME = AccentColor;
				CODE_SIGN_ENTITLEMENTS = Wujudtest/Wujudtest.entitlements;
				CODE_SIGN_STYLE = Automatic;
				CURRENT_PROJECT_VERSION = 1;
				DEVELOPMENT_ASSET_PATHS = "\"Wujudtest/Preview Content\"";
				DEVELOPMENT_TEAM = 22FV4NH5R3;
				ENABLE_HARDENED_RUNTIME = YES;
				ENABLE_PREVIEWS = YES;
				GENERATE_INFOPLIST_FILE = YES;
				"INFOPLIST_KEY_UIApplicationSceneManifest_Generation[sdk=iphoneos*]" = YES;
				"INFOPLIST_KEY_UIApplicationSceneManifest_Generation[sdk=iphonesimulator*]" = YES;
				"INFOPLIST_KEY_UIApplicationSupportsIndirectInputEvents[sdk=iphoneos*]" = YES;
				"INFOPLIST_KEY_UIApplicationSupportsIndirectInputEvents[sdk=iphonesimulator*]" = YES;
				"INFOPLIST_KEY_UILaunchScreen_Generation[sdk=iphoneos*]" = YES;
				"INFOPLIST_KEY_UILaunchScreen_Generation[sdk=iphonesimulator*]" = YES;
				"INFOPLIST_KEY_UIStatusBarStyle[sdk=iphoneos*]" = UIStatusBarStyleDefault;
				"INFOPLIST_KEY_UIStatusBarStyle[sdk=iphonesimulator*]" = UIStatusBarStyleDefault;
				INFOPLIST_KEY_UISupportedInterfaceOrientations_iPad = "UIInterfaceOrientationPortrait UIInterfaceOrientationPortraitUpsideDown UIInterfaceOrientationLandscapeLeft UIInterfaceOrientationLandscapeRight";
				INFOPLIST_KEY_UISupportedInterfaceOrientations_iPhone = "UIInterfaceOrientationPortrait UIInterfaceOrientationLandscapeLeft UIInterfaceOrientationLandscapeRight";
				IPHONEOS_DEPLOYMENT_TARGET = 18.0;
				LD_RUNPATH_SEARCH_PATHS = "@executable_path/Frameworks";
				"LD_RUNPATH_SEARCH_PATHS[sdk=macosx*]" = "@executable_path/../Frameworks";
				MACOSX_DEPLOYMENT_TARGET = 15.1;
				MARKETING_VERSION = 1.0;
				PRODUCT_BUNDLE_IDENTIFIER = wujud.Wujudtest;
				PRODUCT_NAME = "$(TARGET_NAME)";
				SDKROOT = auto;
				SUPPORTED_PLATFORMS = "iphoneos iphonesimulator macosx xros xrsimulator";
				SWIFT_EMIT_LOC_STRINGS = YES;
				SWIFT_VERSION = 5.0;
				TARGETED_DEVICE_FAMILY = "1,2,7";
				XROS_DEPLOYMENT_TARGET = 2.1;
			};
			name = Debug;
		};
		6AA6F0FB2D416C6E0009F311 /* Release */ = {
			isa = XCBuildConfiguration;
			buildSettings = {
				ASSETCATALOG_COMPILER_APPICON_NAME = AppIcon;
				ASSETCATALOG_COMPILER_GLOBAL_ACCENT_COLOR_NAME = AccentColor;
				CODE_SIGN_ENTITLEMENTS = Wujudtest/Wujudtest.entitlements;
				CODE_SIGN_STYLE = Automatic;
				CURRENT_PROJECT_VERSION = 1;
				DEVELOPMENT_ASSET_PATHS = "\"Wujudtest/Preview Content\"";
				DEVELOPMENT_TEAM = 22FV4NH5R3;
				ENABLE_HARDENED_RUNTIME = YES;
				ENABLE_PREVIEWS = YES;
				GENERATE_INFOPLIST_FILE = YES;
				"INFOPLIST_KEY_UIApplicationSceneManifest_Generation[sdk=iphoneos*]" = YES;
				"INFOPLIST_KEY_UIApplicationSceneManifest_Generation[sdk=iphonesimulator*]" = YES;
				"INFOPLIST_KEY_UIApplicationSupportsIndirectInputEvents[sdk=iphoneos*]" = YES;
				"INFOPLIST_KEY_UIApplicationSupportsIndirectInputEvents[sdk=iphonesimulator*]" = YES;
				"INFOPLIST_KEY_UILaunchScreen_Generation[sdk=iphoneos*]" = YES;
				"INFOPLIST_KEY_UILaunchScreen_Generation[sdk=iphonesimulator*]" = YES;
				"INFOPLIST_KEY_UIStatusBarStyle[sdk=iphoneos*]" = UIStatusBarStyleDefault;
				"INFOPLIST_KEY_UIStatusBarStyle[sdk=iphonesimulator*]" = UIStatusBarStyleDefault;
				INFOPLIST_KEY_UISupportedInterfaceOrientations_iPad = "UIInterfaceOrientationPortrait UIInterfaceOrientationPortraitUpsideDown UIInterfaceOrientationLandscapeLeft UIInterfaceOrientationLandscapeRight";
				INFOPLIST_KEY_UISupportedInterfaceOrientations_iPhone = "UIInterfaceOrientationPortrait UIInterfaceOrientationLandscapeLeft UIInterfaceOrientationLandscapeRight";
				IPHONEOS_DEPLOYMENT_TARGET = 18.0;
				LD_RUNPATH_SEARCH_PATHS = "@executable_path/Frameworks";
				"LD_RUNPATH_SEARCH_PATHS[sdk=macosx*]" = "@executable_path/../Frameworks";
				MACOSX_DEPLOYMENT_TARGET = 15.1;
				MARKETING_VERSION = 1.0;
				PRODUCT_BUNDLE_IDENTIFIER = wujud.Wujudtest;
				PRODUCT_NAME = "$(TARGET_NAME)";
				SDKROOT = auto;
				SUPPORTED_PLATFORMS = "iphoneos iphonesimulator macosx xros xrsimulator";
				SWIFT_EMIT_LOC_STRINGS = YES;
				SWIFT_VERSION = 5.0;
				TARGETED_DEVICE_FAMILY = "1,2,7";
				XROS_DEPLOYMENT_TARGET = 2.1;
			};
			name = Release;
		};
		6AA6F0FD2D416C6E0009F311 /* Debug */ = {
			isa = XCBuildConfiguration;
			buildSettings = {
				BUNDLE_LOADER = "$(TEST_HOST)";
				CODE_SIGN_STYLE = Automatic;
				CURRENT_PROJECT_VERSION = 1;
				DEVELOPMENT_TEAM = 22FV4NH5R3;
				GENERATE_INFOPLIST_FILE = YES;
				IPHONEOS_DEPLOYMENT_TARGET = 18.1;
				MACOSX_DEPLOYMENT_TARGET = 15.1;
				MARKETING_VERSION = 1.0;
				PRODUCT_BUNDLE_IDENTIFIER = wujud.WujudtestTests;
				PRODUCT_NAME = "$(TARGET_NAME)";
				SDKROOT = auto;
				SUPPORTED_PLATFORMS = "iphoneos iphonesimulator macosx xros xrsimulator";
				SWIFT_EMIT_LOC_STRINGS = NO;
				SWIFT_VERSION = 5.0;
				TARGETED_DEVICE_FAMILY = "1,2,7";
				TEST_HOST = "$(BUILT_PRODUCTS_DIR)/Wujudtest.app/$(BUNDLE_EXECUTABLE_FOLDER_PATH)/Wujudtest";
				XROS_DEPLOYMENT_TARGET = 2.1;
			};
			name = Debug;
		};
		6AA6F0FE2D416C6E0009F311 /* Release */ = {
			isa = XCBuildConfiguration;
			buildSettings = {
				BUNDLE_LOADER = "$(TEST_HOST)";
				CODE_SIGN_STYLE = Automatic;
				CURRENT_PROJECT_VERSION = 1;
				DEVELOPMENT_TEAM = 22FV4NH5R3;
				GENERATE_INFOPLIST_FILE = YES;
				IPHONEOS_DEPLOYMENT_TARGET = 18.1;
				MACOSX_DEPLOYMENT_TARGET = 15.1;
				MARKETING_VERSION = 1.0;
				PRODUCT_BUNDLE_IDENTIFIER = wujud.WujudtestTests;
				PRODUCT_NAME = "$(TARGET_NAME)";
				SDKROOT = auto;
				SUPPORTED_PLATFORMS = "iphoneos iphonesimulator macosx xros xrsimulator";
				SWIFT_EMIT_LOC_STRINGS = NO;
				SWIFT_VERSION = 5.0;
				TARGETED_DEVICE_FAMILY = "1,2,7";
				TEST_HOST = "$(BUILT_PRODUCTS_DIR)/Wujudtest.app/$(BUNDLE_EXECUTABLE_FOLDER_PATH)/Wujudtest";
				XROS_DEPLOYMENT_TARGET = 2.1;
			};
			name = Release;
		};
		6AA6F1002D416C6E0009F311 /* Debug */ = {
			isa = XCBuildConfiguration;
			buildSettings = {
				CODE_SIGN_STYLE = Automatic;
				CURRENT_PROJECT_VERSION = 1;
				DEVELOPMENT_TEAM = 22FV4NH5R3;
				GENERATE_INFOPLIST_FILE = YES;
				IPHONEOS_DEPLOYMENT_TARGET = 18.1;
				MACOSX_DEPLOYMENT_TARGET = 15.1;
				MARKETING_VERSION = 1.0;
				PRODUCT_BUNDLE_IDENTIFIER = wujud.WujudtestUITests;
				PRODUCT_NAME = "$(TARGET_NAME)";
				SDKROOT = auto;
				SUPPORTED_PLATFORMS = "iphoneos iphonesimulator macosx xros xrsimulator";
				SWIFT_EMIT_LOC_STRINGS = NO;
				SWIFT_VERSION = 5.0;
				TARGETED_DEVICE_FAMILY = "1,2,7";
				TEST_TARGET_NAME = Wujudtest;
				XROS_DEPLOYMENT_TARGET = 2.1;
			};
			name = Debug;
		};
		6AA6F1012D416C6E0009F311 /* Release */ = {
			isa = XCBuildConfiguration;
			buildSettings = {
				CODE_SIGN_STYLE = Automatic;
				CURRENT_PROJECT_VERSION = 1;
				DEVELOPMENT_TEAM = 22FV4NH5R3;
				GENERATE_INFOPLIST_FILE = YES;
				IPHONEOS_DEPLOYMENT_TARGET = 18.1;
				MACOSX_DEPLOYMENT_TARGET = 15.1;
				MARKETING_VERSION = 1.0;
				PRODUCT_BUNDLE_IDENTIFIER = wujud.WujudtestUITests;
				PRODUCT_NAME = "$(TARGET_NAME)";
				SDKROOT = auto;
				SUPPORTED_PLATFORMS = "iphoneos iphonesimulator macosx xros xrsimulator";
				SWIFT_EMIT_LOC_STRINGS = NO;
				SWIFT_VERSION = 5.0;
				TARGETED_DEVICE_FAMILY = "1,2,7";
				TEST_TARGET_NAME = Wujudtest;
				XROS_DEPLOYMENT_TARGET = 2.1;
			};
			name = Release;
		};
/* End XCBuildConfiguration section */

/* Begin XCConfigurationList section */
		6AA6F0CF2D416C6B0009F311 /* Build configuration list for PBXProject "Wujudtest" */ = {
			isa = XCConfigurationList;
			buildConfigurations = (
				6AA6F0F72D416C6E0009F311 /* Debug */,
				6AA6F0F82D416C6E0009F311 /* Release */,
			);
			defaultConfigurationIsVisible = 0;
			defaultConfigurationName = Release;
		};
		6AA6F0F92D416C6E0009F311 /* Build configuration list for PBXNativeTarget "Wujudtest" */ = {
			isa = XCConfigurationList;
			buildConfigurations = (
				6AA6F0FA2D416C6E0009F311 /* Debug */,
				6AA6F0FB2D416C6E0009F311 /* Release */,
			);
			defaultConfigurationIsVisible = 0;
			defaultConfigurationName = Release;
		};
		6AA6F0FC2D416C6E0009F311 /* Build configuration list for PBXNativeTarget "WujudtestTests" */ = {
			isa = XCConfigurationList;
			buildConfigurations = (
				6AA6F0FD2D416C6E0009F311 /* Debug */,
				6AA6F0FE2D416C6E0009F311 /* Release */,
			);
			defaultConfigurationIsVisible = 0;
			defaultConfigurationName = Release;
		};
		6AA6F0FF2D416C6E0009F311 /* Build configuration list for PBXNativeTarget "WujudtestUITests" */ = {
			isa = XCConfigurationList;
			buildConfigurations = (
				6AA6F1002D416C6E0009F311 /* Debug */,
				6AA6F1012D416C6E0009F311 /* Release */,
			);
			defaultConfigurationIsVisible = 0;
			defaultConfigurationName = Release;
		};
/* End XCConfigurationList section */

/* Begin XCRemoteSwiftPackageReference section */
		6AA6F1042D41827B0009F311 /* XCRemoteSwiftPackageReference "firebase-ios-sdk" */ = {
			isa = XCRemoteSwiftPackageReference;
			repositoryURL = "https://github.com/firebase/firebase-ios-sdk";
			requirement = {
				kind = exactVersion;
				version = 11.7.0;
			};
		};
/* End XCRemoteSwiftPackageReference section */

/* Begin XCSwiftPackageProductDependency section */
		6AA6F1052D41827B0009F311 /* FirebaseAnalytics */ = {
			isa = XCSwiftPackageProductDependency;
			package = 6AA6F1042D41827B0009F311 /* XCRemoteSwiftPackageReference "firebase-ios-sdk" */;
			productName = FirebaseAnalytics;
		};
		6AA6F1072D41827B0009F311 /* FirebaseAuthCombine-Community */ = {
			isa = XCSwiftPackageProductDependency;
			package = 6AA6F1042D41827B0009F311 /* XCRemoteSwiftPackageReference "firebase-ios-sdk" */;
			productName = "FirebaseAuthCombine-Community";
		};
		6AA6F10A2D4254270009F311 /* FirebaseAuth */ = {
			isa = XCSwiftPackageProductDependency;
			package = 6AA6F1042D41827B0009F311 /* XCRemoteSwiftPackageReference "firebase-ios-sdk" */;
			productName = FirebaseAuth;
		};
		6AA6F11E2D452CF30009F311 /* FirebaseFirestore */ = {
			isa = XCSwiftPackageProductDependency;
			package = 6AA6F1042D41827B0009F311 /* XCRemoteSwiftPackageReference "firebase-ios-sdk" */;
			productName = FirebaseFirestore;
		};
/* End XCSwiftPackageProductDependency section */
	};
	rootObject = 6AA6F0CC2D416C6B0009F311 /* Project object */;
}
